
Microsoft Visual Studio Solution File, Format Version 12.00
# Visual Studio Version 17
VisualStudioVersion = 17.14.36310.24
MinimumVisualStudioVersion = 10.0.40219.1
Project("{FAE04EC0-301F-11D3-BF4B-00C04F79EFBC}") = "Schemas", "Schemas\Schemas.csproj", "{A669A938-9450-4D4F-8BA8-01BE973DA7B6}"
EndProject
Project("{FAE04EC0-301F-11D3-BF4B-00C04F79EFBC}") = "BLL", "BLL\BLL.csproj", "{84A89C2F-BA93-4867-874A-DB37DFDFF1DF}"
EndProject
Project("{FAE04EC0-301F-11D3-BF4B-00C04F79EFBC}") = "AppUI.Avalonia", "AppUI.Avalonia\AppUI.Avalonia.csproj", "{D914C279-92A0-42C3-8D2B-C46A1684A042}"
EndProject
Global
	GlobalSection(SolutionConfigurationPlatforms) = preSolution
		Debug|Any CPU = Debug|Any CPU
		Debug|x64 = Debug|x64
		Debug|x86 = Debug|x86
		Release|Any CPU = Release|Any CPU
		Release|x64 = Release|x64
		Release|x86 = Release|x86
	EndGlobalSection
	GlobalSection(ProjectConfigurationPlatforms) = postSolution
		{A669A938-9450-4D4F-8BA8-01BE973DA7B6}.Debug|Any CPU.ActiveCfg = Debug|Any CPU
		{A669A938-9450-4D4F-8BA8-01BE973DA7B6}.Debug|Any CPU.Build.0 = Debug|Any CPU
		{A669A938-9450-4D4F-8BA8-01BE973DA7B6}.Debug|x64.ActiveCfg = Debug|Any CPU
		{A669A938-9450-4D4F-8BA8-01BE973DA7B6}.Debug|x64.Build.0 = Debug|Any CPU
		{A669A938-9450-4D4F-8BA8-01BE973DA7B6}.Debug|x86.ActiveCfg = Debug|Any CPU
		{A669A938-9450-4D4F-8BA8-01BE973DA7B6}.Debug|x86.Build.0 = Debug|Any CPU
		{A669A938-9450-4D4F-8BA8-01BE973DA7B6}.Release|Any CPU.ActiveCfg = Release|Any CPU
		{A669A938-9450-4D4F-8BA8-01BE973DA7B6}.Release|Any CPU.Build.0 = Release|Any CPU
		{A669A938-9450-4D4F-8BA8-01BE973DA7B6}.Release|x64.ActiveCfg = Release|Any CPU
		{A669A938-9450-4D4F-8BA8-01BE973DA7B6}.Release|x64.Build.0 = Release|Any CPU
		{A669A938-9450-4D4F-8BA8-01BE973DA7B6}.Release|x86.ActiveCfg = Release|Any CPU
		{A669A938-9450-4D4F-8BA8-01BE973DA7B6}.Release|x86.Build.0 = Release|Any CPU
		{84A89C2F-BA93-4867-874A-DB37DFDFF1DF}.Debug|Any CPU.ActiveCfg = Debug|Any CPU
		{84A89C2F-BA93-4867-874A-DB37DFDFF1DF}.Debug|Any CPU.Build.0 = Debug|Any CPU
		{84A89C2F-BA93-4867-874A-DB37DFDFF1DF}.Debug|x64.ActiveCfg = Debug|Any CPU
		{84A89C2F-BA93-4867-874A-DB37DFDFF1DF}.Debug|x64.Build.0 = Debug|Any CPU
		{84A89C2F-BA93-4867-874A-DB37DFDFF1DF}.Debug|x86.ActiveCfg = Debug|Any CPU
		{84A89C2F-BA93-4867-874A-DB37DFDFF1DF}.Debug|x86.Build.0 = Debug|Any CPU
		{84A89C2F-BA93-4867-874A-DB37DFDFF1DF}.Release|Any CPU.ActiveCfg = Release|Any CPU
		{84A89C2F-BA93-4867-874A-DB37DFDFF1DF}.Release|Any CPU.Build.0 = Release|Any CPU
		{84A89C2F-BA93-4867-874A-DB37DFDFF1DF}.Release|x64.ActiveCfg = Release|Any CPU
		{84A89C2F-BA93-4867-874A-DB37DFDFF1DF}.Release|x64.Build.0 = Release|Any CPU
		{84A89C2F-BA93-4867-874A-DB37DFDFF1DF}.Release|x86.ActiveCfg = Release|Any CPU
		{84A89C2F-BA93-4867-874A-DB37DFDFF1DF}.Release|x86.Build.0 = Release|Any CPU
		{D914C279-92A0-42C3-8D2B-C46A1684A042}.Debug|Any CPU.ActiveCfg = Debug|Any CPU
		{D914C279-92A0-42C3-8D2B-C46A1684A042}.Debug|Any CPU.Build.0 = Debug|Any CPU
		{D914C279-92A0-42C3-8D2B-C46A1684A042}.Debug|x64.ActiveCfg = Debug|Any CPU
		{D914C279-92A0-42C3-8D2B-C46A1684A042}.Debug|x64.Build.0 = Debug|Any CPU
		{D914C279-92A0-42C3-8D2B-C46A1684A042}.Debug|x86.ActiveCfg = Debug|Any CPU
		{D914C279-92A0-42C3-8D2B-C46A1684A042}.Debug|x86.Build.0 = Debug|Any CPU
		{D914C279-92A0-42C3-8D2B-C46A1684A042}.Release|Any CPU.ActiveCfg = Release|Any CPU
		{D914C279-92A0-42C3-8D2B-C46A1684A042}.Release|Any CPU.Build.0 = Release|Any CPU
		{D914C279-92A0-42C3-8D2B-C46A1684A042}.Release|x64.ActiveCfg = Release|Any CPU
		{D914C279-92A0-42C3-8D2B-C46A1684A042}.Release|x64.Build.0 = Release|Any CPU
		{D914C279-92A0-42C3-8D2B-C46A1684A042}.Release|x86.ActiveCfg = Release|Any CPU
		{D914C279-92A0-42C3-8D2B-C46A1684A042}.Release|x86.Build.0 = Release|Any CPU
	EndGlobalSection
	GlobalSection(SolutionProperties) = preSolution
		HideSolutionNode = FALSE
	EndGlobalSection
	GlobalSection(ExtensibilityGlobals) = postSolution
		SolutionGuid = {A38B483D-82DF-40FE-924F-1BED840A5CAF}
	EndGlobalSection
EndGlobal
