
Microsoft Visual Studio Solution File, Format Version 12.00
# Visual Studio Version 17
VisualStudioVersion = 17.14.36310.24
MinimumVisualStudioVersion = 10.0.40219.1
Project("{FAE04EC0-301F-11D3-BF4B-00C04F79EFBC}") = "Schemas", "Schemas\Schemas.csproj", "{A669A938-9450-4D4F-8BA8-01BE973DA7B6}"
EndProject
Project("{FAE04EC0-301F-11D3-BF4B-00C04F79EFBC}") = "App", "App\App.csproj", "{7CC6A113-392F-4067-B995-3477BEFB544D}"
EndProject
Project("{FAE04EC0-301F-11D3-BF4B-00C04F79EFBC}") = "AppUI", "AppUI\AppUI.csproj", "{5B7338C7-C8CB-420D-8EEE-963ECD58E1C4}"
EndProject
Project("{FAE04EC0-301F-11D3-BF4B-00C04F79EFBC}") = "BLL", "BLL\BLL.csproj", "{84A89C2F-BA93-4867-874A-DB37DFDFF1DF}"
EndProject
Global
	GlobalSection(SolutionConfigurationPlatforms) = preSolution
		Debug|Any CPU = Debug|Any CPU
		Release|Any CPU = Release|Any CPU
	EndGlobalSection
	GlobalSection(ProjectConfigurationPlatforms) = postSolution
		{A669A938-9450-4D4F-8BA8-01BE973DA7B6}.Debug|Any CPU.ActiveCfg = Debug|Any CPU
		{A669A938-9450-4D4F-8BA8-01BE973DA7B6}.Debug|Any CPU.Build.0 = Debug|Any CPU
		{A669A938-9450-4D4F-8BA8-01BE973DA7B6}.Release|Any CPU.ActiveCfg = Release|Any CPU
		{A669A938-9450-4D4F-8BA8-01BE973DA7B6}.Release|Any CPU.Build.0 = Release|Any CPU
		{7CC6A113-392F-4067-B995-3477BEFB544D}.Debug|Any CPU.ActiveCfg = Debug|Any CPU
		{7CC6A113-392F-4067-B995-3477BEFB544D}.Debug|Any CPU.Build.0 = Debug|Any CPU
		{7CC6A113-392F-4067-B995-3477BEFB544D}.Release|Any CPU.ActiveCfg = Release|Any CPU
		{7CC6A113-392F-4067-B995-3477BEFB544D}.Release|Any CPU.Build.0 = Release|Any CPU
		{5B7338C7-C8CB-420D-8EEE-963ECD58E1C4}.Debug|Any CPU.ActiveCfg = Debug|Any CPU
		{5B7338C7-C8CB-420D-8EEE-963ECD58E1C4}.Debug|Any CPU.Build.0 = Debug|Any CPU
		{5B7338C7-C8CB-420D-8EEE-963ECD58E1C4}.Release|Any CPU.ActiveCfg = Release|Any CPU
		{5B7338C7-C8CB-420D-8EEE-963ECD58E1C4}.Release|Any CPU.Build.0 = Release|Any CPU
		{84A89C2F-BA93-4867-874A-DB37DFDFF1DF}.Debug|Any CPU.ActiveCfg = Debug|Any CPU
		{84A89C2F-BA93-4867-874A-DB37DFDFF1DF}.Debug|Any CPU.Build.0 = Debug|Any CPU
		{84A89C2F-BA93-4867-874A-DB37DFDFF1DF}.Release|Any CPU.ActiveCfg = Release|Any CPU
		{84A89C2F-BA93-4867-874A-DB37DFDFF1DF}.Release|Any CPU.Build.0 = Release|Any CPU
	EndGlobalSection
	GlobalSection(SolutionProperties) = preSolution
		HideSolutionNode = FALSE
	EndGlobalSection
	GlobalSection(ExtensibilityGlobals) = postSolution
		SolutionGuid = {A38B483D-82DF-40FE-924F-1BED840A5CAF}
	EndGlobalSection
EndGlobal
